
Microsoft Visual Studio Solution File, Format Version 12.00
# Visual Studio Version 16
VisualStudioVersion = 16.0.30011.22
MinimumVisualStudioVersion = 10.0.40219.1
Project("{FAE04EC0-301F-11D3-BF4B-00C04F79EFBC}") = "wmp-19", "wmp-19\wmp-19.csproj", "{1E81764B-0162-45AA-91E1-45ABA09FB82B}"
EndProject
Global
	GlobalSection(SolutionConfigurationPlatforms) = preSolution
		Debug|Any CPU = Debug|Any CPU
		Release|Any CPU = Release|Any CPU
	EndGlobalSection
	GlobalSection(ProjectConfigurationPlatforms) = postSolution
		{1E81764B-0162-45AA-91E1-45ABA09FB82B}.Debug|Any CPU.ActiveCfg = Debug|Any CPU
		{1E81764B-0162-45AA-91E1-45ABA09FB82B}.Debug|Any CPU.Build.0 = Debug|Any CPU
		{1E81764B-0162-45AA-91E1-45ABA09FB82B}.Release|Any CPU.ActiveCfg = Release|Any CPU
		{1E81764B-0162-45AA-91E1-45ABA09FB82B}.Release|Any CPU.Build.0 = Release|Any CPU
	EndGlobalSection
	GlobalSection(SolutionProperties) = preSolution
		HideSolutionNode = FALSE
	EndGlobalSection
	GlobalSection(ExtensibilityGlobals) = postSolution
		SolutionGuid = {A0C8ACAB-616D-46B7-B81B-D1AE832E2925}
	EndGlobalSection
EndGlobal
